
Microsoft Visual Studio Solution File, Format Version 12.00
# Visual Studio Version 16
VisualStudioVersion = 16.0.29409.12
MinimumVisualStudioVersion = 10.0.40219.1
Project("{9A19103F-16F7-4668-BE54-9A1E7A4F7556}") = "TimerWorkPC", "TimerWorkPC\TimerWorkPC.csproj", "{F7CE139A-5B5B-461A-83D5-751EE5D6DAC9}"
EndProject
Project("{FAE04EC0-301F-11D3-BF4B-00C04F79EFBC}") = "TimerWorkPCFrame", "TimerWorkPCFrame\TimerWorkPCFrame.csproj", "{5EA43BD6-9530-4690-9A08-D650ABFEC4CC}"
EndProject
Global
	GlobalSection(SolutionConfigurationPlatforms) = preSolution
		Debug|Any CPU = Debug|Any CPU
		Release|Any CPU = Release|Any CPU
	EndGlobalSection
	GlobalSection(ProjectConfigurationPlatforms) = postSolution
		{F7CE139A-5B5B-461A-83D5-751EE5D6DAC9}.Debug|Any CPU.ActiveCfg = Debug|Any CPU
		{F7CE139A-5B5B-461A-83D5-751EE5D6DAC9}.Debug|Any CPU.Build.0 = Debug|Any CPU
		{F7CE139A-5B5B-461A-83D5-751EE5D6DAC9}.Release|Any CPU.ActiveCfg = Release|Any CPU
		{F7CE139A-5B5B-461A-83D5-751EE5D6DAC9}.Release|Any CPU.Build.0 = Release|Any CPU
		{5EA43BD6-9530-4690-9A08-D650ABFEC4CC}.Debug|Any CPU.ActiveCfg = Debug|Any CPU
		{5EA43BD6-9530-4690-9A08-D650ABFEC4CC}.Debug|Any CPU.Build.0 = Debug|Any CPU
		{5EA43BD6-9530-4690-9A08-D650ABFEC4CC}.Release|Any CPU.ActiveCfg = Release|Any CPU
		{5EA43BD6-9530-4690-9A08-D650ABFEC4CC}.Release|Any CPU.Build.0 = Release|Any CPU
	EndGlobalSection
	GlobalSection(SolutionProperties) = preSolution
		HideSolutionNode = FALSE
	EndGlobalSection
	GlobalSection(ExtensibilityGlobals) = postSolution
		SolutionGuid = {D84A0363-5A26-4616-8A29-A647795721AB}
	EndGlobalSection
EndGlobal
